// !$*UTF8*$!
{
	archiveVersion = 1;
	classes = {
	};
	objectVersion = 50;
	objects = {

/* Begin PBXBuildFile section */
		B5580FD1252AD1AE0060ED67 /* AppDelegate.swift in Sources */ = {isa = PBXBuildFile; fileRef = B5580FD0252AD1AE0060ED67 /* AppDelegate.swift */; };
		B5580FD3252AD1AE0060ED67 /* SceneDelegate.swift in Sources */ = {isa = PBXBuildFile; fileRef = B5580FD2252AD1AE0060ED67 /* SceneDelegate.swift */; };
		B5580FD5252AD1AE0060ED67 /* ViewController.swift in Sources */ = {isa = PBXBuildFile; fileRef = B5580FD4252AD1AE0060ED67 /* ViewController.swift */; };
		B5580FD8252AD1AE0060ED67 /* Main.storyboard in Resources */ = {isa = PBXBuildFile; fileRef = B5580FD6252AD1AE0060ED67 /* Main.storyboard */; };
		B5580FDA252AD1B30060ED67 /* Assets.xcassets in Resources */ = {isa = PBXBuildFile; fileRef = B5580FD9252AD1B30060ED67 /* Assets.xcassets */; };
		B5580FDD252AD1B30060ED67 /* LaunchScreen.storyboard in Resources */ = {isa = PBXBuildFile; fileRef = B5580FDB252AD1B30060ED67 /* LaunchScreen.storyboard */; };
/* End PBXBuildFile section */

/* Begin PBXFileReference section */
		B5580FCD252AD1AD0060ED67 /* truckDelivery.app */ = {isa = PBXFileReference; explicitFileType = wrapper.application; includeInIndex = 0; path = truckDelivery.app; sourceTree = BUILT_PRODUCTS_DIR; };
		B5580FD0252AD1AE0060ED67 /* AppDelegate.swift */ = {isa = PBXFileReference; lastKnownFileType = sourcecode.swift; path = AppDelegate.swift; sourceTree = "<group>"; };
		B5580FD2252AD1AE0060ED67 /* SceneDelegate.swift */ = {isa = PBXFileReference; lastKnownFileType = sourcecode.swift; path = SceneDelegate.swift; sourceTree = "<group>"; };
		B5580FD4252AD1AE0060ED67 /* ViewController.swift */ = {isa = PBXFileReference; lastKnownFileType = sourcecode.swift; path = ViewController.swift; sourceTree = "<group>"; };
		B5580FD7252AD1AE0060ED67 /* Base */ = {isa = PBXFileReference; lastKnownFileType = file.storyboard; name = Base; path = Base.lproj/Main.storyboard; sourceTree = "<group>"; };
		B5580FD9252AD1B30060ED67 /* Assets.xcassets */ = {isa = PBXFileReference; lastKnownFileType = folder.assetcatalog; path = Assets.xcassets; sourceTree = "<group>"; };
		B5580FDC252AD1B30060ED67 /* Base */ = {isa = PBXFileReference; lastKnownFileType = file.storyboard; name = Base; path = Base.lproj/LaunchScreen.storyboard; sourceTree = "<group>"; };
		B5580FDE252AD1B30060ED67 /* Info.plist */ = {isa = PBXFileReference; lastKnownFileType = text.plist.xml; path = Info.plist; sourceTree = "<group>"; };
/* End PBXFileReference section */

/* Begin PBXFrameworksBuildPhase section */
		B5580FCA252AD1AD0060ED67 /* Frameworks */ = {
			isa = PBXFrameworksBuildPhase;
			buildActionMask = 2147483647;
			files = (
			);
			runOnlyForDeploymentPostprocessing = 0;
		};
/* End PBXFrameworksBuildPhase section */

/* Begin PBXGroup section */
		B5580FC4252AD1AD0060ED67 = {
			isa = PBXGroup;
			children = (
				B5580FCF252AD1AD0060ED67 /* truckDelivery */,
				B5580FCE252AD1AD0060ED67 /* Products */,
			);
			sourceTree = "<group>";
		};
		B5580FCE252AD1AD0060ED67 /* Products */ = {
			isa = PBXGroup;
			children = (
				B5580FCD252AD1AD0060ED67 /* truckDelivery.app */,
			);
			name = Products;
			sourceTree = "<group>";
		};
		B5580FCF252AD1AD0060ED67 /* truckDelivery */ = {
			isa = PBXGroup;
			children = (
				B5580FD0252AD1AE0060ED67 /* AppDelegate.swift */,
				B5580FD2252AD1AE0060ED67 /* SceneDelegate.swift */,
				B5580FD4252AD1AE0060ED67 /* ViewController.swift */,
				B5580FD6252AD1AE0060ED67 /* Main.storyboard */,
				B5580FD9252AD1B30060ED67 /* Assets.xcassets */,
				B5580FDB252AD1B30060ED67 /* LaunchScreen.storyboard */,
				B5580FDE252AD1B30060ED67 /* Info.plist */,
			);
			path = truckDelivery;
			sourceTree = "<group>";
		};
/* End PBXGroup section */

/* Begin PBXNativeTarget section */
		B5580FCC252AD1AD0060ED67 /* truckDelivery */ = {
			isa = PBXNativeTarget;
			buildConfigurationList = B5580FE1252AD1B30060ED67 /* Build configuration list for PBXNativeTarget "truckDelivery" */;
			buildPhases = (
				B5580FC9252AD1AD0060ED67 /* Sources */,
				B5580FCA252AD1AD0060ED67 /* Frameworks */,
				B5580FCB252AD1AD0060ED67 /* Resources */,
			);
			buildRules = (
			);
			dependencies = (
			);
			name = truckDelivery;
			productName = truckDelivery;
			productReference = B5580FCD252AD1AD0060ED67 /* truckDelivery.app */;
			productType = "com.apple.product-type.application";
		};
/* End PBXNativeTarget section */

/* Begin PBXProject section */
		B5580FC5252AD1AD0060ED67 /* Project object */ = {
			isa = PBXProject;
			attributes = {
				LastSwiftUpdateCheck = 1100;
				LastUpgradeCheck = 1100;
				ORGANIZATIONNAME = apptunix;
				TargetAttributes = {
					B5580FCC252AD1AD0060ED67 = {
						CreatedOnToolsVersion = 11.0;
					};
				};
			};
			buildConfigurationList = B5580FC8252AD1AD0060ED67 /* Build configuration list for PBXProject "truckDelivery" */;
			compatibilityVersion = "Xcode 9.3";
			developmentRegion = en;
			hasScannedForEncodings = 0;
			knownRegions = (
				en,
				Base,
			);
			mainGroup = B5580FC4252AD1AD0060ED67;
			productRefGroup = B5580FCE252AD1AD0060ED67 /* Products */;
			projectDirPath = "";
			projectRoot = "";
			targets = (
				B5580FCC252AD1AD0060ED67 /* truckDelivery */,
			);
		};
/* End PBXProject section */

/* Begin PBXResourcesBuildPhase section */
		B5580FCB252AD1AD0060ED67 /* Resources */ = {
			isa = PBXResourcesBuildPhase;
			buildActionMask = 2147483647;
			files = (
				B5580FDD252AD1B30060ED67 /* LaunchScreen.storyboard in Resources */,
				B5580FDA252AD1B30060ED67 /* Assets.xcassets in Resources */,
				B5580FD8252AD1AE0060ED67 /* Main.storyboard in Resources */,
			);
			runOnlyForDeploymentPostprocessing = 0;
		};
/* End PBXResourcesBuildPhase section */

/* Begin PBXSourcesBuildPhase section */
		B5580FC9252AD1AD0060ED67 /* Sources */ = {
			isa = PBXSourcesBuildPhase;
			buildActionMask = 2147483647;
			files = (
				B5580FD5252AD1AE0060ED67 /* ViewController.swift in Sources */,
				B5580FD1252AD1AE0060ED67 /* AppDelegate.swift in Sources */,
				B5580FD3252AD1AE0060ED67 /* SceneDelegate.swift in Sources */,
			);
			runOnlyForDeploymentPostprocessing = 0;
		};
/* End PBXSourcesBuildPhase section */

/* Begin PBXVariantGroup section */
		B5580FD6252AD1AE0060ED67 /* Main.storyboard */ = {
			isa = PBXVariantGroup;
			children = (
				B5580FD7252AD1AE0060ED67 /* Base */,
			);
			name = Main.storyboard;
			sourceTree = "<group>";
		};
		B5580FDB252AD1B30060ED67 /* LaunchScreen.storyboard */ = {
			isa = PBXVariantGroup;
			children = (
				B5580FDC252AD1B30060ED67 /* Base */,
			);
			name = LaunchScreen.storyboard;
			sourceTree = "<group>";
		};
/* End PBXVariantGroup section */

/* Begin XCBuildConfiguration section */
		B5580FDF252AD1B30060ED67 /* Debug */ = {
			isa = XCBuildConfiguration;
			buildSettings = {
				ALWAYS_SEARCH_USER_PATHS = NO;
				CLANG_ANALYZER_NONNULL = YES;
				CLANG_ANALYZER_NUMBER_OBJECT_CONVERSION = YES_AGGRESSIVE;
				CLANG_CXX_LANGUAGE_STANDARD = "gnu++14";
				CLANG_CXX_LIBRARY = "libc++";
				CLANG_ENABLE_MODULES = YES;
				CLANG_ENABLE_OBJC_ARC = YES;
				CLANG_ENABLE_OBJC_WEAK = YES;
				CLANG_WARN_BLOCK_CAPTURE_AUTORELEASING = YES;
				CLANG_WARN_BOOL_CONVERSION = YES;
				CLANG_WARN_COMMA = YES;
				CLANG_WARN_CONSTANT_CONVERSION = YES;
				CLANG_WARN_DEPRECATED_OBJC_IMPLEMENTATIONS = YES;
				CLANG_WARN_DIRECT_OBJC_ISA_USAGE = YES_ERROR;
				CLANG_WARN_DOCUMENTATION_COMMENTS = YES;
				CLANG_WARN_EMPTY_BODY = YES;
				CLANG_WARN_ENUM_CONVERSION = YES;
				CLANG_WARN_INFINITE_RECURSION = YES;
				CLANG_WARN_INT_CONVERSION = YES;
				CLANG_WARN_NON_LITERAL_NULL_CONVERSION = YES;
				CLANG_WARN_OBJC_IMPLICIT_RETAIN_SELF = YES;
				CLANG_WARN_OBJC_LITERAL_CONVERSION = YES;
				CLANG_WARN_OBJC_ROOT_CLASS = YES_ERROR;
				CLANG_WARN_RANGE_LOOP_ANALYSIS = YES;
				CLANG_WARN_STRICT_PROTOTYPES = YES;
				CLANG_WARN_SUSPICIOUS_MOVE = YES;
				CLANG_WARN_UNGUARDED_AVAILABILITY = YES_AGGRESSIVE;
				CLANG_WARN_UNREACHABLE_CODE = YES;
				CLANG_WARN__DUPLICATE_METHOD_MATCH = YES;
				COPY_PHASE_STRIP = NO;
				DEBUG_INFORMATION_FORMAT = dwarf;
				ENABLE_STRICT_OBJC_MSGSEND = YES;
				ENABLE_TESTABILITY = YES;
				GCC_C_LANGUAGE_STANDARD = gnu11;
				GCC_DYNAMIC_NO_PIC = NO;
				GCC_NO_COMMON_BLOCKS = YES;
				GCC_OPTIMIZATION_LEVEL = 0;
				GCC_PREPROCESSOR_DEFINITIONS = (
					"DEBUG=1",
					"$(inherited)",
				);
				GCC_WARN_64_TO_32_BIT_CONVERSION = YES;
				GCC_WARN_ABOUT_RETURN_TYPE = YES_ERROR;
				GCC_WARN_UNDECLARED_SELECTOR = YES;
				GCC_WARN_UNINITIALIZED_AUTOS = YES_AGGRESSIVE;
				GCC_WARN_UNUSED_FUNCTION = YES;
				GCC_WARN_UNUSED_VARIABLE = YES;
				IPHONEOS_DEPLOYMENT_TARGET = 13.0;
				MTL_ENABLE_DEBUG_INFO = INCLUDE_SOURCE;
				MTL_FAST_MATH = YES;
				ONLY_ACTIVE_ARCH = YES;
				SDKROOT = iphoneos;
				SWIFT_ACTIVE_COMPILATION_CONDITIONS = DEBUG;
				SWIFT_OPTIMIZATION_LEVEL = "-Onone";
			};
			name = Debug;
		};
		B5580FE0252AD1B30060ED67 /* Release */ = {
			isa = XCBuildConfiguration;
			buildSettings = {
				ALWAYS_SEARCH_USER_PATHS = NO;
				CLANG_ANALYZER_NONNULL = YES;
				CLANG_ANALYZER_NUMBER_OBJECT_CONVERSION = YES_AGGRESSIVE;
				CLANG_CXX_LANGUAGE_STANDARD = "gnu++14";
				CLANG_CXX_LIBRARY = "libc++";
				CLANG_ENABLE_MODULES = YES;
				CLANG_ENABLE_OBJC_ARC = YES;
				CLANG_ENABLE_OBJC_WEAK = YES;
				CLANG_WARN_BLOCK_CAPTURE_AUTORELEASING = YES;
				CLANG_WARN_BOOL_CONVERSION = YES;
				CLANG_WARN_COMMA = YES;
				CLANG_WARN_CONSTANT_CONVERSION = YES;
				CLANG_WARN_DEPRECATED_OBJC_IMPLEMENTATIONS = YES;
				CLANG_WARN_DIRECT_OBJC_ISA_USAGE = YES_ERROR;
				CLANG_WARN_DOCUMENTATION_COMMENTS = YES;
				CLANG_WARN_EMPTY_BODY = YES;
				CLANG_WARN_ENUM_CONVERSION = YES;
				CLANG_WARN_INFINITE_RECURSION = YES;
				CLANG_WARN_INT_CONVERSION = YES;
				CLANG_WARN_NON_LITERAL_NULL_CONVERSION = YES;
				CLANG_WARN_OBJC_IMPLICIT_RETAIN_SELF = YES;
				CLANG_WARN_OBJC_LITERAL_CONVERSION = YES;
				CLANG_WARN_OBJC_ROOT_CLASS = YES_ERROR;
				CLANG_WARN_RANGE_LOOP_ANALYSIS = YES;
				CLANG_WARN_STRICT_PROTOTYPES = YES;
				CLANG_WARN_SUSPICIOUS_MOVE = YES;
				CLANG_WARN_UNGUARDED_AVAILABILITY = YES_AGGRESSIVE;
				CLANG_WARN_UNREACHABLE_CODE = YES;
				CLANG_WARN__DUPLICATE_METHOD_MATCH = YES;
				COPY_PHASE_STRIP = NO;
				DEBUG_INFORMATION_FORMAT = "dwarf-with-dsym";
				ENABLE_NS_ASSERTIONS = NO;
				ENABLE_STRICT_OBJC_MSGSEND = YES;
				GCC_C_LANGUAGE_STANDARD = gnu11;
				GCC_NO_COMMON_BLOCKS = YES;
				GCC_WARN_64_TO_32_BIT_CONVERSION = YES;
				GCC_WARN_ABOUT_RETURN_TYPE = YES_ERROR;
				GCC_WARN_UNDECLARED_SELECTOR = YES;
				GCC_WARN_UNINITIALIZED_AUTOS = YES_AGGRESSIVE;
				GCC_WARN_UNUSED_FUNCTION = YES;
				GCC_WARN_UNUSED_VARIABLE = YES;
				IPHONEOS_DEPLOYMENT_TARGET = 13.0;
				MTL_ENABLE_DEBUG_INFO = NO;
				MTL_FAST_MATH = YES;
				SDKROOT = iphoneos;
				SWIFT_COMPILATION_MODE = wholemodule;
				SWIFT_OPTIMIZATION_LEVEL = "-O";
				VALIDATE_PRODUCT = YES;
			};
			name = Release;
		};
		B5580FE2252AD1B30060ED67 /* Debug */ = {
			isa = XCBuildConfiguration;
			buildSettings = {
				ASSETCATALOG_COMPILER_APPICON_NAME = AppIcon;
				CODE_SIGN_STYLE = Automatic;
				DEVELOPMENT_TEAM = AYPZ9L53JM;
				INFOPLIST_FILE = truckDelivery/Info.plist;
				LD_RUNPATH_SEARCH_PATHS = (
					"$(inherited)",
					"@executable_path/Frameworks",
				);
				PRODUCT_BUNDLE_IDENTIFIER = com.apptunix.truckDelivery;
				PRODUCT_NAME = "$(TARGET_NAME)";
				SWIFT_VERSION = 5.0;
				TARGETED_DEVICE_FAMILY = 1;
			};
			name = Debug;
		};
		B5580FE3252AD1B30060ED67 /* Release */ = {
			isa = XCBuildConfiguration;
			buildSettings = {
				ASSETCATALOG_COMPILER_APPICON_NAME = AppIcon;
				CODE_SIGN_STYLE = Automatic;
				DEVELOPMENT_TEAM = AYPZ9L53JM;
				INFOPLIST_FILE = truckDelivery/Info.plist;
				LD_RUNPATH_SEARCH_PATHS = (
					"$(inherited)",
					"@executable_path/Frameworks",
				);
				PRODUCT_BUNDLE_IDENTIFIER = com.apptunix.truckDelivery;
				PRODUCT_NAME = "$(TARGET_NAME)";
				SWIFT_VERSION = 5.0;
				TARGETED_DEVICE_FAMILY = 1;
			};
			name = Release;
		};
/* End XCBuildConfiguration section */

/* Begin XCConfigurationList section */
		B5580FC8252AD1AD0060ED67 /* Build configuration list for PBXProject "truckDelivery" */ = {
			isa = XCConfigurationList;
			buildConfigurations = (
				B5580FDF252AD1B30060ED67 /* Debug */,
				B5580FE0252AD1B30060ED67 /* Release */,
			);
			defaultConfigurationIsVisible = 0;
			defaultConfigurationName = Release;
		};
		B5580FE1252AD1B30060ED67 /* Build configuration list for PBXNativeTarget "truckDelivery" */ = {
			isa = XCConfigurationList;
			buildConfigurations = (
				B5580FE2252AD1B30060ED67 /* Debug */,
				B5580FE3252AD1B30060ED67 /* Release */,
			);
			defaultConfigurationIsVisible = 0;
			defaultConfigurationName = Release;
		};
/* End XCConfigurationList section */
	};
	rootObject = B5580FC5252AD1AD0060ED67 /* Project object */;
}
